
Microsoft Visual Studio Solution File, Format Version 12.00
# Visual Studio 15
VisualStudioVersion = 15.0.28307.572
MinimumVisualStudioVersion = 10.0.40219.1
Project("{FAE04EC0-301F-11D3-BF4B-00C04F79EFBC}") = "WriteDiskTest", "WriteDiskTest\WriteDiskTest.csproj", "{9D3043E7-1F84-433C-AA54-70D001D21C92}"
EndProject
Project("{FAE04EC0-301F-11D3-BF4B-00C04F79EFBC}") = "Utilities", "..\..\Libraries\Utilities\Utilities.csproj", "{0299B0DB-77E3-4FA4-99E3-D35EE6701B4C}"
EndProject
Global
	GlobalSection(SolutionConfigurationPlatforms) = preSolution
		Debug|Any CPU = Debug|Any CPU
		Debug|x64 = Debug|x64
		Debug|x86 = Debug|x86
		Local DB Debug|Any CPU = Local DB Debug|Any CPU
		Local DB Debug|x64 = Local DB Debug|x64
		Local DB Debug|x86 = Local DB Debug|x86
		Local Release|Any CPU = Local Release|Any CPU
		Local Release|x64 = Local Release|x64
		Local Release|x86 = Local Release|x86
		Mgmt Release|Any CPU = Mgmt Release|Any CPU
		Mgmt Release|x64 = Mgmt Release|x64
		Mgmt Release|x86 = Mgmt Release|x86
		MySQL Cluster|Any CPU = MySQL Cluster|Any CPU
		MySQL Cluster|x64 = MySQL Cluster|x64
		MySQL Cluster|x86 = MySQL Cluster|x86
		Release|Any CPU = Release|Any CPU
		Release|x64 = Release|x64
		Release|x86 = Release|x86
		Test Local|Any CPU = Test Local|Any CPU
		Test Local|x64 = Test Local|x64
		Test Local|x86 = Test Local|x86
		Test Remote|Any CPU = Test Remote|Any CPU
		Test Remote|x64 = Test Remote|x64
		Test Remote|x86 = Test Remote|x86
		WebShowInfo Release|Any CPU = WebShowInfo Release|Any CPU
		WebShowInfo Release|x64 = WebShowInfo Release|x64
		WebShowInfo Release|x86 = WebShowInfo Release|x86
		Website Test Remote|Any CPU = Website Test Remote|Any CPU
		Website Test Remote|x64 = Website Test Remote|x64
		Website Test Remote|x86 = Website Test Remote|x86
		Website Test|Any CPU = Website Test|Any CPU
		Website Test|x64 = Website Test|x64
		Website Test|x86 = Website Test|x86
	EndGlobalSection
	GlobalSection(ProjectConfigurationPlatforms) = postSolution
		{9D3043E7-1F84-433C-AA54-70D001D21C92}.Debug|Any CPU.ActiveCfg = Debug|Any CPU
		{9D3043E7-1F84-433C-AA54-70D001D21C92}.Debug|Any CPU.Build.0 = Debug|Any CPU
		{9D3043E7-1F84-433C-AA54-70D001D21C92}.Debug|x64.ActiveCfg = Debug|Any CPU
		{9D3043E7-1F84-433C-AA54-70D001D21C92}.Debug|x64.Build.0 = Debug|Any CPU
		{9D3043E7-1F84-433C-AA54-70D001D21C92}.Debug|x86.ActiveCfg = Debug|Any CPU
		{9D3043E7-1F84-433C-AA54-70D001D21C92}.Debug|x86.Build.0 = Debug|Any CPU
		{9D3043E7-1F84-433C-AA54-70D001D21C92}.Local DB Debug|Any CPU.ActiveCfg = Debug|Any CPU
		{9D3043E7-1F84-433C-AA54-70D001D21C92}.Local DB Debug|Any CPU.Build.0 = Debug|Any CPU
		{9D3043E7-1F84-433C-AA54-70D001D21C92}.Local DB Debug|x64.ActiveCfg = Debug|Any CPU
		{9D3043E7-1F84-433C-AA54-70D001D21C92}.Local DB Debug|x64.Build.0 = Debug|Any CPU
		{9D3043E7-1F84-433C-AA54-70D001D21C92}.Local DB Debug|x86.ActiveCfg = Debug|Any CPU
		{9D3043E7-1F84-433C-AA54-70D001D21C92}.Local DB Debug|x86.Build.0 = Debug|Any CPU
		{9D3043E7-1F84-433C-AA54-70D001D21C92}.Local Release|Any CPU.ActiveCfg = Release|Any CPU
		{9D3043E7-1F84-433C-AA54-70D001D21C92}.Local Release|Any CPU.Build.0 = Release|Any CPU
		{9D3043E7-1F84-433C-AA54-70D001D21C92}.Local Release|x64.ActiveCfg = Release|Any CPU
		{9D3043E7-1F84-433C-AA54-70D001D21C92}.Local Release|x64.Build.0 = Release|Any CPU
		{9D3043E7-1F84-433C-AA54-70D001D21C92}.Local Release|x86.ActiveCfg = Release|Any CPU
		{9D3043E7-1F84-433C-AA54-70D001D21C92}.Local Release|x86.Build.0 = Release|Any CPU
		{9D3043E7-1F84-433C-AA54-70D001D21C92}.Mgmt Release|Any CPU.ActiveCfg = Release|Any CPU
		{9D3043E7-1F84-433C-AA54-70D001D21C92}.Mgmt Release|Any CPU.Build.0 = Release|Any CPU
		{9D3043E7-1F84-433C-AA54-70D001D21C92}.Mgmt Release|x64.ActiveCfg = Release|Any CPU
		{9D3043E7-1F84-433C-AA54-70D001D21C92}.Mgmt Release|x64.Build.0 = Release|Any CPU
		{9D3043E7-1F84-433C-AA54-70D001D21C92}.Mgmt Release|x86.ActiveCfg = Release|Any CPU
		{9D3043E7-1F84-433C-AA54-70D001D21C92}.Mgmt Release|x86.Build.0 = Release|Any CPU
		{9D3043E7-1F84-433C-AA54-70D001D21C92}.MySQL Cluster|Any CPU.ActiveCfg = Release|Any CPU
		{9D3043E7-1F84-433C-AA54-70D001D21C92}.MySQL Cluster|Any CPU.Build.0 = Release|Any CPU
		{9D3043E7-1F84-433C-AA54-70D001D21C92}.MySQL Cluster|x64.ActiveCfg = Release|Any CPU
		{9D3043E7-1F84-433C-AA54-70D001D21C92}.MySQL Cluster|x64.Build.0 = Release|Any CPU
		{9D3043E7-1F84-433C-AA54-70D001D21C92}.MySQL Cluster|x86.ActiveCfg = Release|Any CPU
		{9D3043E7-1F84-433C-AA54-70D001D21C92}.MySQL Cluster|x86.Build.0 = Release|Any CPU
		{9D3043E7-1F84-433C-AA54-70D001D21C92}.Release|Any CPU.ActiveCfg = Release|Any CPU
		{9D3043E7-1F84-433C-AA54-70D001D21C92}.Release|Any CPU.Build.0 = Release|Any CPU
		{9D3043E7-1F84-433C-AA54-70D001D21C92}.Release|x64.ActiveCfg = Release|Any CPU
		{9D3043E7-1F84-433C-AA54-70D001D21C92}.Release|x64.Build.0 = Release|Any CPU
		{9D3043E7-1F84-433C-AA54-70D001D21C92}.Release|x86.ActiveCfg = Release|Any CPU
		{9D3043E7-1F84-433C-AA54-70D001D21C92}.Release|x86.Build.0 = Release|Any CPU
		{9D3043E7-1F84-433C-AA54-70D001D21C92}.Test Local|Any CPU.ActiveCfg = Release|Any CPU
		{9D3043E7-1F84-433C-AA54-70D001D21C92}.Test Local|Any CPU.Build.0 = Release|Any CPU
		{9D3043E7-1F84-433C-AA54-70D001D21C92}.Test Local|x64.ActiveCfg = Release|Any CPU
		{9D3043E7-1F84-433C-AA54-70D001D21C92}.Test Local|x64.Build.0 = Release|Any CPU
		{9D3043E7-1F84-433C-AA54-70D001D21C92}.Test Local|x86.ActiveCfg = Release|Any CPU
		{9D3043E7-1F84-433C-AA54-70D001D21C92}.Test Local|x86.Build.0 = Release|Any CPU
		{9D3043E7-1F84-433C-AA54-70D001D21C92}.Test Remote|Any CPU.ActiveCfg = Release|Any CPU
		{9D3043E7-1F84-433C-AA54-70D001D21C92}.Test Remote|Any CPU.Build.0 = Release|Any CPU
		{9D3043E7-1F84-433C-AA54-70D001D21C92}.Test Remote|x64.ActiveCfg = Release|Any CPU
		{9D3043E7-1F84-433C-AA54-70D001D21C92}.Test Remote|x64.Build.0 = Release|Any CPU
		{9D3043E7-1F84-433C-AA54-70D001D21C92}.Test Remote|x86.ActiveCfg = Release|Any CPU
		{9D3043E7-1F84-433C-AA54-70D001D21C92}.Test Remote|x86.Build.0 = Release|Any CPU
		{9D3043E7-1F84-433C-AA54-70D001D21C92}.WebShowInfo Release|Any CPU.ActiveCfg = Release|Any CPU
		{9D3043E7-1F84-433C-AA54-70D001D21C92}.WebShowInfo Release|Any CPU.Build.0 = Release|Any CPU
		{9D3043E7-1F84-433C-AA54-70D001D21C92}.WebShowInfo Release|x64.ActiveCfg = Release|Any CPU
		{9D3043E7-1F84-433C-AA54-70D001D21C92}.WebShowInfo Release|x64.Build.0 = Release|Any CPU
		{9D3043E7-1F84-433C-AA54-70D001D21C92}.WebShowInfo Release|x86.ActiveCfg = Release|Any CPU
		{9D3043E7-1F84-433C-AA54-70D001D21C92}.WebShowInfo Release|x86.Build.0 = Release|Any CPU
		{9D3043E7-1F84-433C-AA54-70D001D21C92}.Website Test Remote|Any CPU.ActiveCfg = Release|Any CPU
		{9D3043E7-1F84-433C-AA54-70D001D21C92}.Website Test Remote|Any CPU.Build.0 = Release|Any CPU
		{9D3043E7-1F84-433C-AA54-70D001D21C92}.Website Test Remote|x64.ActiveCfg = Release|Any CPU
		{9D3043E7-1F84-433C-AA54-70D001D21C92}.Website Test Remote|x64.Build.0 = Release|Any CPU
		{9D3043E7-1F84-433C-AA54-70D001D21C92}.Website Test Remote|x86.ActiveCfg = Release|Any CPU
		{9D3043E7-1F84-433C-AA54-70D001D21C92}.Website Test Remote|x86.Build.0 = Release|Any CPU
		{9D3043E7-1F84-433C-AA54-70D001D21C92}.Website Test|Any CPU.ActiveCfg = Release|Any CPU
		{9D3043E7-1F84-433C-AA54-70D001D21C92}.Website Test|Any CPU.Build.0 = Release|Any CPU
		{9D3043E7-1F84-433C-AA54-70D001D21C92}.Website Test|x64.ActiveCfg = Release|Any CPU
		{9D3043E7-1F84-433C-AA54-70D001D21C92}.Website Test|x64.Build.0 = Release|Any CPU
		{9D3043E7-1F84-433C-AA54-70D001D21C92}.Website Test|x86.ActiveCfg = Release|Any CPU
		{9D3043E7-1F84-433C-AA54-70D001D21C92}.Website Test|x86.Build.0 = Release|Any CPU
		{0299B0DB-77E3-4FA4-99E3-D35EE6701B4C}.Debug|Any CPU.ActiveCfg = Debug|Any CPU
		{0299B0DB-77E3-4FA4-99E3-D35EE6701B4C}.Debug|Any CPU.Build.0 = Debug|Any CPU
		{0299B0DB-77E3-4FA4-99E3-D35EE6701B4C}.Debug|x64.ActiveCfg = Debug|x64
		{0299B0DB-77E3-4FA4-99E3-D35EE6701B4C}.Debug|x64.Build.0 = Debug|x64
		{0299B0DB-77E3-4FA4-99E3-D35EE6701B4C}.Debug|x86.ActiveCfg = Debug|x86
		{0299B0DB-77E3-4FA4-99E3-D35EE6701B4C}.Debug|x86.Build.0 = Debug|x86
		{0299B0DB-77E3-4FA4-99E3-D35EE6701B4C}.Local DB Debug|Any CPU.ActiveCfg = Local DB Debug|Any CPU
		{0299B0DB-77E3-4FA4-99E3-D35EE6701B4C}.Local DB Debug|Any CPU.Build.0 = Local DB Debug|Any CPU
		{0299B0DB-77E3-4FA4-99E3-D35EE6701B4C}.Local DB Debug|x64.ActiveCfg = Local DB Debug|x64
		{0299B0DB-77E3-4FA4-99E3-D35EE6701B4C}.Local DB Debug|x64.Build.0 = Local DB Debug|x64
		{0299B0DB-77E3-4FA4-99E3-D35EE6701B4C}.Local DB Debug|x86.ActiveCfg = Local DB Debug|x86
		{0299B0DB-77E3-4FA4-99E3-D35EE6701B4C}.Local DB Debug|x86.Build.0 = Local DB Debug|x86
		{0299B0DB-77E3-4FA4-99E3-D35EE6701B4C}.Local Release|Any CPU.ActiveCfg = Local Release|Any CPU
		{0299B0DB-77E3-4FA4-99E3-D35EE6701B4C}.Local Release|Any CPU.Build.0 = Local Release|Any CPU
		{0299B0DB-77E3-4FA4-99E3-D35EE6701B4C}.Local Release|x64.ActiveCfg = Local Release|x64
		{0299B0DB-77E3-4FA4-99E3-D35EE6701B4C}.Local Release|x64.Build.0 = Local Release|x64
		{0299B0DB-77E3-4FA4-99E3-D35EE6701B4C}.Local Release|x86.ActiveCfg = Local Release|x86
		{0299B0DB-77E3-4FA4-99E3-D35EE6701B4C}.Local Release|x86.Build.0 = Local Release|x86
		{0299B0DB-77E3-4FA4-99E3-D35EE6701B4C}.Mgmt Release|Any CPU.ActiveCfg = Mgmt Release|Any CPU
		{0299B0DB-77E3-4FA4-99E3-D35EE6701B4C}.Mgmt Release|Any CPU.Build.0 = Mgmt Release|Any CPU
		{0299B0DB-77E3-4FA4-99E3-D35EE6701B4C}.Mgmt Release|x64.ActiveCfg = Mgmt Release|x64
		{0299B0DB-77E3-4FA4-99E3-D35EE6701B4C}.Mgmt Release|x64.Build.0 = Mgmt Release|x64
		{0299B0DB-77E3-4FA4-99E3-D35EE6701B4C}.Mgmt Release|x86.ActiveCfg = Mgmt Release|x86
		{0299B0DB-77E3-4FA4-99E3-D35EE6701B4C}.Mgmt Release|x86.Build.0 = Mgmt Release|x86
		{0299B0DB-77E3-4FA4-99E3-D35EE6701B4C}.MySQL Cluster|Any CPU.ActiveCfg = MySQL Cluster|Any CPU
		{0299B0DB-77E3-4FA4-99E3-D35EE6701B4C}.MySQL Cluster|Any CPU.Build.0 = MySQL Cluster|Any CPU
		{0299B0DB-77E3-4FA4-99E3-D35EE6701B4C}.MySQL Cluster|x64.ActiveCfg = MySQL Cluster|x64
		{0299B0DB-77E3-4FA4-99E3-D35EE6701B4C}.MySQL Cluster|x64.Build.0 = MySQL Cluster|x64
		{0299B0DB-77E3-4FA4-99E3-D35EE6701B4C}.MySQL Cluster|x86.ActiveCfg = MySQL Cluster|x86
		{0299B0DB-77E3-4FA4-99E3-D35EE6701B4C}.MySQL Cluster|x86.Build.0 = MySQL Cluster|x86
		{0299B0DB-77E3-4FA4-99E3-D35EE6701B4C}.Release|Any CPU.ActiveCfg = Release|Any CPU
		{0299B0DB-77E3-4FA4-99E3-D35EE6701B4C}.Release|Any CPU.Build.0 = Release|Any CPU
		{0299B0DB-77E3-4FA4-99E3-D35EE6701B4C}.Release|x64.ActiveCfg = Release|x64
		{0299B0DB-77E3-4FA4-99E3-D35EE6701B4C}.Release|x64.Build.0 = Release|x64
		{0299B0DB-77E3-4FA4-99E3-D35EE6701B4C}.Release|x86.ActiveCfg = Release|x86
		{0299B0DB-77E3-4FA4-99E3-D35EE6701B4C}.Release|x86.Build.0 = Release|x86
		{0299B0DB-77E3-4FA4-99E3-D35EE6701B4C}.Test Local|Any CPU.ActiveCfg = Test Local|Any CPU
		{0299B0DB-77E3-4FA4-99E3-D35EE6701B4C}.Test Local|Any CPU.Build.0 = Test Local|Any CPU
		{0299B0DB-77E3-4FA4-99E3-D35EE6701B4C}.Test Local|x64.ActiveCfg = Test Local|x64
		{0299B0DB-77E3-4FA4-99E3-D35EE6701B4C}.Test Local|x64.Build.0 = Test Local|x64
		{0299B0DB-77E3-4FA4-99E3-D35EE6701B4C}.Test Local|x86.ActiveCfg = Test Local|x86
		{0299B0DB-77E3-4FA4-99E3-D35EE6701B4C}.Test Local|x86.Build.0 = Test Local|x86
		{0299B0DB-77E3-4FA4-99E3-D35EE6701B4C}.Test Remote|Any CPU.ActiveCfg = Test Remote|Any CPU
		{0299B0DB-77E3-4FA4-99E3-D35EE6701B4C}.Test Remote|Any CPU.Build.0 = Test Remote|Any CPU
		{0299B0DB-77E3-4FA4-99E3-D35EE6701B4C}.Test Remote|x64.ActiveCfg = Test Remote|x64
		{0299B0DB-77E3-4FA4-99E3-D35EE6701B4C}.Test Remote|x64.Build.0 = Test Remote|x64
		{0299B0DB-77E3-4FA4-99E3-D35EE6701B4C}.Test Remote|x86.ActiveCfg = Test Remote|x86
		{0299B0DB-77E3-4FA4-99E3-D35EE6701B4C}.Test Remote|x86.Build.0 = Test Remote|x86
		{0299B0DB-77E3-4FA4-99E3-D35EE6701B4C}.WebShowInfo Release|Any CPU.ActiveCfg = WebShowInfo Release|Any CPU
		{0299B0DB-77E3-4FA4-99E3-D35EE6701B4C}.WebShowInfo Release|Any CPU.Build.0 = WebShowInfo Release|Any CPU
		{0299B0DB-77E3-4FA4-99E3-D35EE6701B4C}.WebShowInfo Release|x64.ActiveCfg = WebShowInfo Release|x64
		{0299B0DB-77E3-4FA4-99E3-D35EE6701B4C}.WebShowInfo Release|x64.Build.0 = WebShowInfo Release|x64
		{0299B0DB-77E3-4FA4-99E3-D35EE6701B4C}.WebShowInfo Release|x86.ActiveCfg = WebShowInfo Release|x86
		{0299B0DB-77E3-4FA4-99E3-D35EE6701B4C}.WebShowInfo Release|x86.Build.0 = WebShowInfo Release|x86
		{0299B0DB-77E3-4FA4-99E3-D35EE6701B4C}.Website Test Remote|Any CPU.ActiveCfg = Website Test Remote|Any CPU
		{0299B0DB-77E3-4FA4-99E3-D35EE6701B4C}.Website Test Remote|Any CPU.Build.0 = Website Test Remote|Any CPU
		{0299B0DB-77E3-4FA4-99E3-D35EE6701B4C}.Website Test Remote|x64.ActiveCfg = Website Test Remote|x64
		{0299B0DB-77E3-4FA4-99E3-D35EE6701B4C}.Website Test Remote|x64.Build.0 = Website Test Remote|x64
		{0299B0DB-77E3-4FA4-99E3-D35EE6701B4C}.Website Test Remote|x86.ActiveCfg = Website Test Remote|x86
		{0299B0DB-77E3-4FA4-99E3-D35EE6701B4C}.Website Test Remote|x86.Build.0 = Website Test Remote|x86
		{0299B0DB-77E3-4FA4-99E3-D35EE6701B4C}.Website Test|Any CPU.ActiveCfg = Website Test|Any CPU
		{0299B0DB-77E3-4FA4-99E3-D35EE6701B4C}.Website Test|Any CPU.Build.0 = Website Test|Any CPU
		{0299B0DB-77E3-4FA4-99E3-D35EE6701B4C}.Website Test|x64.ActiveCfg = Website Test|x64
		{0299B0DB-77E3-4FA4-99E3-D35EE6701B4C}.Website Test|x64.Build.0 = Website Test|x64
		{0299B0DB-77E3-4FA4-99E3-D35EE6701B4C}.Website Test|x86.ActiveCfg = Website Test|x86
		{0299B0DB-77E3-4FA4-99E3-D35EE6701B4C}.Website Test|x86.Build.0 = Website Test|x86
	EndGlobalSection
	GlobalSection(SolutionProperties) = preSolution
		HideSolutionNode = FALSE
	EndGlobalSection
	GlobalSection(ExtensibilityGlobals) = postSolution
		SolutionGuid = {494E5A06-22EC-4EB5-AD8E-C81E477DEB15}
	EndGlobalSection
EndGlobal
